// !$*UTF8*$!
{
	archiveVersion = 1;
	classes = {
	};
	objectVersion = 50;
	objects = {

/* Begin PBXBuildFile section */
		75DF73AD212E841D00BC8D77 /* AppDelegate.swift in Sources */ = {isa = PBXBuildFile; fileRef = 75DF73AC212E841D00BC8D77 /* AppDelegate.swift */; };
		75DF73AF212E841D00BC8D77 /* ViewController.swift in Sources */ = {isa = PBXBuildFile; fileRef = 75DF73AE212E841D00BC8D77 /* ViewController.swift */; };
		75DF73B2212E841D00BC8D77 /* Main.storyboard in Resources */ = {isa = PBXBuildFile; fileRef = 75DF73B0212E841D00BC8D77 /* Main.storyboard */; };
		75DF73B4212E842400BC8D77 /* Assets.xcassets in Resources */ = {isa = PBXBuildFile; fileRef = 75DF73B3212E842400BC8D77 /* Assets.xcassets */; };
		75DF73B7212E842400BC8D77 /* LaunchScreen.storyboard in Resources */ = {isa = PBXBuildFile; fileRef = 75DF73B5212E842400BC8D77 /* LaunchScreen.storyboard */; };
		75DF73BF212EAB5500BC8D77 /* background.wav in Resources */ = {isa = PBXBuildFile; fileRef = 75DF73BE212EAB5500BC8D77 /* background.wav */; };
		75DF73C1212EACB000BC8D77 /* alarm.mp3 in Resources */ = {isa = PBXBuildFile; fileRef = 75DF73C0212EACB000BC8D77 /* alarm.mp3 */; };
/* End PBXBuildFile section */

/* Begin PBXFileReference section */
		75DF73A9212E841D00BC8D77 /* AlarmSample.app */ = {isa = PBXFileReference; explicitFileType = wrapper.application; includeInIndex = 0; path = AlarmSample.app; sourceTree = BUILT_PRODUCTS_DIR; };
		75DF73AC212E841D00BC8D77 /* AppDelegate.swift */ = {isa = PBXFileReference; lastKnownFileType = sourcecode.swift; path = AppDelegate.swift; sourceTree = "<group>"; };
		75DF73AE212E841D00BC8D77 /* ViewController.swift */ = {isa = PBXFileReference; lastKnownFileType = sourcecode.swift; path = ViewController.swift; sourceTree = "<group>"; };
		75DF73B1212E841D00BC8D77 /* Base */ = {isa = PBXFileReference; lastKnownFileType = file.storyboard; name = Base; path = Base.lproj/Main.storyboard; sourceTree = "<group>"; };
		75DF73B3212E842400BC8D77 /* Assets.xcassets */ = {isa = PBXFileReference; lastKnownFileType = folder.assetcatalog; path = Assets.xcassets; sourceTree = "<group>"; };
		75DF73B6212E842400BC8D77 /* Base */ = {isa = PBXFileReference; lastKnownFileType = file.storyboard; name = Base; path = Base.lproj/LaunchScreen.storyboard; sourceTree = "<group>"; };
		75DF73B8212E842400BC8D77 /* Info.plist */ = {isa = PBXFileReference; lastKnownFileType = text.plist.xml; path = Info.plist; sourceTree = "<group>"; };
		75DF73BE212EAB5500BC8D77 /* background.wav */ = {isa = PBXFileReference; lastKnownFileType = audio.wav; name = background.wav; path = ../../background.wav; sourceTree = "<group>"; };
		75DF73C0212EACB000BC8D77 /* alarm.mp3 */ = {isa = PBXFileReference; lastKnownFileType = audio.mp3; name = alarm.mp3; path = "../../../Downloads/Clock-Alarm Dig01-mp3/alarm.mp3"; sourceTree = "<group>"; };
/* End PBXFileReference section */

/* Begin PBXFrameworksBuildPhase section */
		75DF73A6212E841D00BC8D77 /* Frameworks */ = {
			isa = PBXFrameworksBuildPhase;
			buildActionMask = 2147483647;
			files = (
			);
			runOnlyForDeploymentPostprocessing = 0;
		};
/* End PBXFrameworksBuildPhase section */

/* Begin PBXGroup section */
		75DF73A0212E841D00BC8D77 = {
			isa = PBXGroup;
			children = (
				75DF73AB212E841D00BC8D77 /* AlarmSample */,
				75DF73AA212E841D00BC8D77 /* Products */,
			);
			sourceTree = "<group>";
		};
		75DF73AA212E841D00BC8D77 /* Products */ = {
			isa = PBXGroup;
			children = (
				75DF73A9212E841D00BC8D77 /* AlarmSample.app */,
			);
			name = Products;
			sourceTree = "<group>";
		};
		75DF73AB212E841D00BC8D77 /* AlarmSample */ = {
			isa = PBXGroup;
			children = (
				75DF73AC212E841D00BC8D77 /* AppDelegate.swift */,
				75DF73AE212E841D00BC8D77 /* ViewController.swift */,
				75DF73B0212E841D00BC8D77 /* Main.storyboard */,
				75DF73B3212E842400BC8D77 /* Assets.xcassets */,
				75DF73B5212E842400BC8D77 /* LaunchScreen.storyboard */,
				75DF73C0212EACB000BC8D77 /* alarm.mp3 */,
				75DF73BE212EAB5500BC8D77 /* background.wav */,
				75DF73B8212E842400BC8D77 /* Info.plist */,
			);
			path = AlarmSample;
			sourceTree = "<group>";
		};
/* End PBXGroup section */

/* Begin PBXNativeTarget section */
		75DF73A8212E841D00BC8D77 /* AlarmSample */ = {
			isa = PBXNativeTarget;
			buildConfigurationList = 75DF73BB212E842400BC8D77 /* Build configuration list for PBXNativeTarget "AlarmSample" */;
			buildPhases = (
				75DF73A5212E841D00BC8D77 /* Sources */,
				75DF73A6212E841D00BC8D77 /* Frameworks */,
				75DF73A7212E841D00BC8D77 /* Resources */,
			);
			buildRules = (
			);
			dependencies = (
			);
			name = AlarmSample;
			productName = AlarmSample;
			productReference = 75DF73A9212E841D00BC8D77 /* AlarmSample.app */;
			productType = "com.apple.product-type.application";
		};
/* End PBXNativeTarget section */

/* Begin PBXProject section */
		75DF73A1212E841D00BC8D77 /* Project object */ = {
			isa = PBXProject;
			attributes = {
				LastSwiftUpdateCheck = 0940;
				LastUpgradeCheck = 0940;
				ORGANIZATIONNAME = "Ryohei Azuma";
				TargetAttributes = {
					75DF73A8212E841D00BC8D77 = {
						CreatedOnToolsVersion = 9.4.1;
						SystemCapabilities = {
							com.apple.BackgroundModes = {
								enabled = 1;
							};
						};
					};
				};
			};
			buildConfigurationList = 75DF73A4212E841D00BC8D77 /* Build configuration list for PBXProject "AlarmSample" */;
			compatibilityVersion = "Xcode 9.3";
			developmentRegion = en;
			hasScannedForEncodings = 0;
			knownRegions = (
				en,
				Base,
			);
			mainGroup = 75DF73A0212E841D00BC8D77;
			productRefGroup = 75DF73AA212E841D00BC8D77 /* Products */;
			projectDirPath = "";
			projectRoot = "";
			targets = (
				75DF73A8212E841D00BC8D77 /* AlarmSample */,
			);
		};
/* End PBXProject section */

/* Begin PBXResourcesBuildPhase section */
		75DF73A7212E841D00BC8D77 /* Resources */ = {
			isa = PBXResourcesBuildPhase;
			buildActionMask = 2147483647;
			files = (
				75DF73B7212E842400BC8D77 /* LaunchScreen.storyboard in Resources */,
				75DF73B4212E842400BC8D77 /* Assets.xcassets in Resources */,
				75DF73BF212EAB5500BC8D77 /* background.wav in Resources */,
				75DF73B2212E841D00BC8D77 /* Main.storyboard in Resources */,
				75DF73C1212EACB000BC8D77 /* alarm.mp3 in Resources */,
			);
			runOnlyForDeploymentPostprocessing = 0;
		};
/* End PBXResourcesBuildPhase section */

/* Begin PBXSourcesBuildPhase section */
		75DF73A5212E841D00BC8D77 /* Sources */ = {
			isa = PBXSourcesBuildPhase;
			buildActionMask = 2147483647;
			files = (
				75DF73AF212E841D00BC8D77 /* ViewController.swift in Sources */,
				75DF73AD212E841D00BC8D77 /* AppDelegate.swift in Sources */,
			);
			runOnlyForDeploymentPostprocessing = 0;
		};
/* End PBXSourcesBuildPhase section */

/* Begin PBXVariantGroup section */
		75DF73B0212E841D00BC8D77 /* Main.storyboard */ = {
			isa = PBXVariantGroup;
			children = (
				75DF73B1212E841D00BC8D77 /* Base */,
			);
			name = Main.storyboard;
			sourceTree = "<group>";
		};
		75DF73B5212E842400BC8D77 /* LaunchScreen.storyboard */ = {
			isa = PBXVariantGroup;
			children = (
				75DF73B6212E842400BC8D77 /* Base */,
			);
			name = LaunchScreen.storyboard;
			sourceTree = "<group>";
		};
/* End PBXVariantGroup section */

/* Begin XCBuildConfiguration section */
		75DF73B9212E842400BC8D77 /* Debug */ = {
			isa = XCBuildConfiguration;
			buildSettings = {
				ALWAYS_SEARCH_USER_PATHS = NO;
				CLANG_ANALYZER_NONNULL = YES;
				CLANG_ANALYZER_NUMBER_OBJECT_CONVERSION = YES_AGGRESSIVE;
				CLANG_CXX_LANGUAGE_STANDARD = "gnu++14";
				CLANG_CXX_LIBRARY = "libc++";
				CLANG_ENABLE_MODULES = YES;
				CLANG_ENABLE_OBJC_ARC = YES;
				CLANG_ENABLE_OBJC_WEAK = YES;
				CLANG_WARN_BLOCK_CAPTURE_AUTORELEASING = YES;
				CLANG_WARN_BOOL_CONVERSION = YES;
				CLANG_WARN_COMMA = YES;
				CLANG_WARN_CONSTANT_CONVERSION = YES;
				CLANG_WARN_DEPRECATED_OBJC_IMPLEMENTATIONS = YES;
				CLANG_WARN_DIRECT_OBJC_ISA_USAGE = YES_ERROR;
				CLANG_WARN_DOCUMENTATION_COMMENTS = YES;
				CLANG_WARN_EMPTY_BODY = YES;
				CLANG_WARN_ENUM_CONVERSION = YES;
				CLANG_WARN_INFINITE_RECURSION = YES;
				CLANG_WARN_INT_CONVERSION = YES;
				CLANG_WARN_NON_LITERAL_NULL_CONVERSION = YES;
				CLANG_WARN_OBJC_IMPLICIT_RETAIN_SELF = YES;
				CLANG_WARN_OBJC_LITERAL_CONVERSION = YES;
				CLANG_WARN_OBJC_ROOT_CLASS = YES_ERROR;
				CLANG_WARN_RANGE_LOOP_ANALYSIS = YES;
				CLANG_WARN_STRICT_PROTOTYPES = YES;
				CLANG_WARN_SUSPICIOUS_MOVE = YES;
				CLANG_WARN_UNGUARDED_AVAILABILITY = YES_AGGRESSIVE;
				CLANG_WARN_UNREACHABLE_CODE = YES;
				CLANG_WARN__DUPLICATE_METHOD_MATCH = YES;
				CODE_SIGN_IDENTITY = "iPhone Developer";
				COPY_PHASE_STRIP = NO;
				DEBUG_INFORMATION_FORMAT = dwarf;
				ENABLE_STRICT_OBJC_MSGSEND = YES;
				ENABLE_TESTABILITY = YES;
				GCC_C_LANGUAGE_STANDARD = gnu11;
				GCC_DYNAMIC_NO_PIC = NO;
				GCC_NO_COMMON_BLOCKS = YES;
				GCC_OPTIMIZATION_LEVEL = 0;
				GCC_PREPROCESSOR_DEFINITIONS = (
					"DEBUG=1",
					"$(inherited)",
				);
				GCC_WARN_64_TO_32_BIT_CONVERSION = YES;
				GCC_WARN_ABOUT_RETURN_TYPE = YES_ERROR;
				GCC_WARN_UNDECLARED_SELECTOR = YES;
				GCC_WARN_UNINITIALIZED_AUTOS = YES_AGGRESSIVE;
				GCC_WARN_UNUSED_FUNCTION = YES;
				GCC_WARN_UNUSED_VARIABLE = YES;
				IPHONEOS_DEPLOYMENT_TARGET = 11.4;
				MTL_ENABLE_DEBUG_INFO = YES;
				ONLY_ACTIVE_ARCH = YES;
				SDKROOT = iphoneos;
				SWIFT_ACTIVE_COMPILATION_CONDITIONS = DEBUG;
				SWIFT_OPTIMIZATION_LEVEL = "-Onone";
			};
			name = Debug;
		};
		75DF73BA212E842400BC8D77 /* Release */ = {
			isa = XCBuildConfiguration;
			buildSettings = {
				ALWAYS_SEARCH_USER_PATHS = NO;
				CLANG_ANALYZER_NONNULL = YES;
				CLANG_ANALYZER_NUMBER_OBJECT_CONVERSION = YES_AGGRESSIVE;
				CLANG_CXX_LANGUAGE_STANDARD = "gnu++14";
				CLANG_CXX_LIBRARY = "libc++";
				CLANG_ENABLE_MODULES = YES;
				CLANG_ENABLE_OBJC_ARC = YES;
				CLANG_ENABLE_OBJC_WEAK = YES;
				CLANG_WARN_BLOCK_CAPTURE_AUTORELEASING = YES;
				CLANG_WARN_BOOL_CONVERSION = YES;
				CLANG_WARN_COMMA = YES;
				CLANG_WARN_CONSTANT_CONVERSION = YES;
				CLANG_WARN_DEPRECATED_OBJC_IMPLEMENTATIONS = YES;
				CLANG_WARN_DIRECT_OBJC_ISA_USAGE = YES_ERROR;
				CLANG_WARN_DOCUMENTATION_COMMENTS = YES;
				CLANG_WARN_EMPTY_BODY = YES;
				CLANG_WARN_ENUM_CONVERSION = YES;
				CLANG_WARN_INFINITE_RECURSION = YES;
				CLANG_WARN_INT_CONVERSION = YES;
				CLANG_WARN_NON_LITERAL_NULL_CONVERSION = YES;
				CLANG_WARN_OBJC_IMPLICIT_RETAIN_SELF = YES;
				CLANG_WARN_OBJC_LITERAL_CONVERSION = YES;
				CLANG_WARN_OBJC_ROOT_CLASS = YES_ERROR;
				CLANG_WARN_RANGE_LOOP_ANALYSIS = YES;
				CLANG_WARN_STRICT_PROTOTYPES = YES;
				CLANG_WARN_SUSPICIOUS_MOVE = YES;
				CLANG_WARN_UNGUARDED_AVAILABILITY = YES_AGGRESSIVE;
				CLANG_WARN_UNREACHABLE_CODE = YES;
				CLANG_WARN__DUPLICATE_METHOD_MATCH = YES;
				CODE_SIGN_IDENTITY = "iPhone Developer";
				COPY_PHASE_STRIP = NO;
				DEBUG_INFORMATION_FORMAT = "dwarf-with-dsym";
				ENABLE_NS_ASSERTIONS = NO;
				ENABLE_STRICT_OBJC_MSGSEND = YES;
				GCC_C_LANGUAGE_STANDARD = gnu11;
				GCC_NO_COMMON_BLOCKS = YES;
				GCC_WARN_64_TO_32_BIT_CONVERSION = YES;
				GCC_WARN_ABOUT_RETURN_TYPE = YES_ERROR;
				GCC_WARN_UNDECLARED_SELECTOR = YES;
				GCC_WARN_UNINITIALIZED_AUTOS = YES_AGGRESSIVE;
				GCC_WARN_UNUSED_FUNCTION = YES;
				GCC_WARN_UNUSED_VARIABLE = YES;
				IPHONEOS_DEPLOYMENT_TARGET = 11.4;
				MTL_ENABLE_DEBUG_INFO = NO;
				SDKROOT = iphoneos;
				SWIFT_COMPILATION_MODE = wholemodule;
				SWIFT_OPTIMIZATION_LEVEL = "-O";
				VALIDATE_PRODUCT = YES;
			};
			name = Release;
		};
		75DF73BC212E842400BC8D77 /* Debug */ = {
			isa = XCBuildConfiguration;
			buildSettings = {
				ASSETCATALOG_COMPILER_APPICON_NAME = AppIcon;
				CODE_SIGN_STYLE = Automatic;
				DEVELOPMENT_TEAM = UFJWZRTXF8;
				INFOPLIST_FILE = AlarmSample/Info.plist;
				IPHONEOS_DEPLOYMENT_TARGET = 10.0;
				LD_RUNPATH_SEARCH_PATHS = (
					"$(inherited)",
					"@executable_path/Frameworks",
				);
				PRODUCT_BUNDLE_IDENTIFIER = jp.co.razuma.AlarmSample;
				PRODUCT_NAME = "$(TARGET_NAME)";
				SWIFT_VERSION = 4.0;
				TARGETED_DEVICE_FAMILY = "1,2";
			};
			name = Debug;
		};
		75DF73BD212E842400BC8D77 /* Release */ = {
			isa = XCBuildConfiguration;
			buildSettings = {
				ASSETCATALOG_COMPILER_APPICON_NAME = AppIcon;
				CODE_SIGN_STYLE = Automatic;
				DEVELOPMENT_TEAM = UFJWZRTXF8;
				INFOPLIST_FILE = AlarmSample/Info.plist;
				IPHONEOS_DEPLOYMENT_TARGET = 10.0;
				LD_RUNPATH_SEARCH_PATHS = (
					"$(inherited)",
					"@executable_path/Frameworks",
				);
				PRODUCT_BUNDLE_IDENTIFIER = jp.co.razuma.AlarmSample;
				PRODUCT_NAME = "$(TARGET_NAME)";
				SWIFT_VERSION = 4.0;
				TARGETED_DEVICE_FAMILY = "1,2";
			};
			name = Release;
		};
/* End XCBuildConfiguration section */

/* Begin XCConfigurationList section */
		75DF73A4212E841D00BC8D77 /* Build configuration list for PBXProject "AlarmSample" */ = {
			isa = XCConfigurationList;
			buildConfigurations = (
				75DF73B9212E842400BC8D77 /* Debug */,
				75DF73BA212E842400BC8D77 /* Release */,
			);
			defaultConfigurationIsVisible = 0;
			defaultConfigurationName = Release;
		};
		75DF73BB212E842400BC8D77 /* Build configuration list for PBXNativeTarget "AlarmSample" */ = {
			isa = XCConfigurationList;
			buildConfigurations = (
				75DF73BC212E842400BC8D77 /* Debug */,
				75DF73BD212E842400BC8D77 /* Release */,
			);
			defaultConfigurationIsVisible = 0;
			defaultConfigurationName = Release;
		};
/* End XCConfigurationList section */
	};
	rootObject = 75DF73A1212E841D00BC8D77 /* Project object */;
}
